// !$*UTF8*$!
{
	archiveVersion = 1;
	classes = {
	};
	objectVersion = 77;
	objects = {

/* Begin PBXContainerItemProxy section */
		A12F46302E2BF81000E3D649 /* PBXContainerItemProxy */ = {
			isa = PBXContainerItemProxy;
			containerPortal = A12F46172E2BF80600E3D649 /* Project object */;
			proxyType = 1;
			remoteGlobalIDString = A12F461E2E2BF80600E3D649;
			remoteInfo = PolicySummary;
		};
		A12F463A2E2BF81000E3D649 /* PBXContainerItemProxy */ = {
			isa = PBXContainerItemProxy;
			containerPortal = A12F46172E2BF80600E3D649 /* Project object */;
			proxyType = 1;
			remoteGlobalIDString = A12F461E2E2BF80600E3D649;
			remoteInfo = PolicySummary;
		};
/* End PBXContainerItemProxy section */

/* Begin PBXFileReference section */
		A12F461F2E2BF80600E3D649 /* PolicySummary.app */ = {isa = PBXFileReference; explicitFileType = wrapper.application; includeInIndex = 0; path = PolicySummary.app; sourceTree = BUILT_PRODUCTS_DIR; };
		A12F462F2E2BF81000E3D649 /* PolicySummaryTests.xctest */ = {isa = PBXFileReference; explicitFileType = wrapper.cfbundle; includeInIndex = 0; path = PolicySummaryTests.xctest; sourceTree = BUILT_PRODUCTS_DIR; };
		A12F46392E2BF81000E3D649 /* PolicySummaryUITests.xctest */ = {isa = PBXFileReference; explicitFileType = wrapper.cfbundle; includeInIndex = 0; path = PolicySummaryUITests.xctest; sourceTree = BUILT_PRODUCTS_DIR; };
/* End PBXFileReference section */

/* Begin PBXFileSystemSynchronizedRootGroup section */
		A12F46212E2BF80600E3D649 /* PolicySummary */ = {
			isa = PBXFileSystemSynchronizedRootGroup;
			path = PolicySummary;
			sourceTree = "<group>";
		};
		A12F46322E2BF81000E3D649 /* PolicySummaryTests */ = {
			isa = PBXFileSystemSynchronizedRootGroup;
			path = PolicySummaryTests;
			sourceTree = "<group>";
		};
		A12F463C2E2BF81000E3D649 /* PolicySummaryUITests */ = {
			isa = PBXFileSystemSynchronizedRootGroup;
			path = PolicySummaryUITests;
			sourceTree = "<group>";
		};
/* End PBXFileSystemSynchronizedRootGroup section */

/* Begin PBXFrameworksBuildPhase section */
		A12F461C2E2BF80600E3D649 /* Frameworks */ = {
			isa = PBXFrameworksBuildPhase;
			buildActionMask = 2147483647;
			files = (
			);
			runOnlyForDeploymentPostprocessing = 0;
		};
		A12F462C2E2BF81000E3D649 /* Frameworks */ = {
			isa = PBXFrameworksBuildPhase;
			buildActionMask = 2147483647;
			files = (
			);
			runOnlyForDeploymentPostprocessing = 0;
		};
		A12F46362E2BF81000E3D649 /* Frameworks */ = {
			isa = PBXFrameworksBuildPhase;
			buildActionMask = 2147483647;
			files = (
			);
			runOnlyForDeploymentPostprocessing = 0;
		};
/* End PBXFrameworksBuildPhase section */

/* Begin PBXGroup section */
		A12F46162E2BF80600E3D649 = {
			isa = PBXGroup;
			children = (
				A12F46212E2BF80600E3D649 /* PolicySummary */,
				A12F46322E2BF81000E3D649 /* PolicySummaryTests */,
				A12F463C2E2BF81000E3D649 /* PolicySummaryUITests */,
				A12F46202E2BF80600E3D649 /* Products */,
			);
			sourceTree = "<group>";
		};
		A12F46202E2BF80600E3D649 /* Products */ = {
			isa = PBXGroup;
			children = (
				A12F461F2E2BF80600E3D649 /* PolicySummary.app */,
				A12F462F2E2BF81000E3D649 /* PolicySummaryTests.xctest */,
				A12F46392E2BF81000E3D649 /* PolicySummaryUITests.xctest */,
			);
			name = Products;
			sourceTree = "<group>";
		};
/* End PBXGroup section */

/* Begin PBXNativeTarget section */
		A12F461E2E2BF80600E3D649 /* PolicySummary */ = {
			isa = PBXNativeTarget;
			buildConfigurationList = A12F46432E2BF81000E3D649 /* Build configuration list for PBXNativeTarget "PolicySummary" */;
			buildPhases = (
				A12F461B2E2BF80600E3D649 /* Sources */,
				A12F461C2E2BF80600E3D649 /* Frameworks */,
				A12F461D2E2BF80600E3D649 /* Resources */,
			);
			buildRules = (
			);
			dependencies = (
			);
			fileSystemSynchronizedGroups = (
				A12F46212E2BF80600E3D649 /* PolicySummary */,
			);
			name = PolicySummary;
			packageProductDependencies = (
			);
			productName = PolicySummary;
			productReference = A12F461F2E2BF80600E3D649 /* PolicySummary.app */;
			productType = "com.apple.product-type.application";
		};
		A12F462E2E2BF81000E3D649 /* PolicySummaryTests */ = {
			isa = PBXNativeTarget;
			buildConfigurationList = A12F46462E2BF81000E3D649 /* Build configuration list for PBXNativeTarget "PolicySummaryTests" */;
			buildPhases = (
				A12F462B2E2BF81000E3D649 /* Sources */,
				A12F462C2E2BF81000E3D649 /* Frameworks */,
				A12F462D2E2BF81000E3D649 /* Resources */,
			);
			buildRules = (
			);
			dependencies = (
				A12F46312E2BF81000E3D649 /* PBXTargetDependency */,
			);
			fileSystemSynchronizedGroups = (
				A12F46322E2BF81000E3D649 /* PolicySummaryTests */,
			);
			name = PolicySummaryTests;
			packageProductDependencies = (
			);
			productName = PolicySummaryTests;
			productReference = A12F462F2E2BF81000E3D649 /* PolicySummaryTests.xctest */;
			productType = "com.apple.product-type.bundle.unit-test";
		};
		A12F46382E2BF81000E3D649 /* PolicySummaryUITests */ = {
			isa = PBXNativeTarget;
			buildConfigurationList = A12F46492E2BF81000E3D649 /* Build configuration list for PBXNativeTarget "PolicySummaryUITests" */;
			buildPhases = (
				A12F46352E2BF81000E3D649 /* Sources */,
				A12F46362E2BF81000E3D649 /* Frameworks */,
				A12F46372E2BF81000E3D649 /* Resources */,
			);
			buildRules = (
			);
			dependencies = (
				A12F463B2E2BF81000E3D649 /* PBXTargetDependency */,
			);
			fileSystemSynchronizedGroups = (
				A12F463C2E2BF81000E3D649 /* PolicySummaryUITests */,
			);
			name = PolicySummaryUITests;
			packageProductDependencies = (
			);
			productName = PolicySummaryUITests;
			productReference = A12F46392E2BF81000E3D649 /* PolicySummaryUITests.xctest */;
			productType = "com.apple.product-type.bundle.ui-testing";
		};
/* End PBXNativeTarget section */

/* Begin PBXProject section */
		A12F46172E2BF80600E3D649 /* Project object */ = {
			isa = PBXProject;
			attributes = {
				BuildIndependentTargetsInParallel = 1;
				LastSwiftUpdateCheck = 1620;
				LastUpgradeCheck = 1620;
				TargetAttributes = {
					A12F461E2E2BF80600E3D649 = {
						CreatedOnToolsVersion = 16.2;
					};
					A12F462E2E2BF81000E3D649 = {
						CreatedOnToolsVersion = 16.2;
						TestTargetID = A12F461E2E2BF80600E3D649;
					};
					A12F46382E2BF81000E3D649 = {
						CreatedOnToolsVersion = 16.2;
						TestTargetID = A12F461E2E2BF80600E3D649;
					};
				};
			};
			buildConfigurationList = A12F461A2E2BF80600E3D649 /* Build configuration list for PBXProject "PolicySummary" */;
			developmentRegion = en;
			hasScannedForEncodings = 0;
			knownRegions = (
				en,
				Base,
			);
			mainGroup = A12F46162E2BF80600E3D649;
			minimizedProjectReferenceProxies = 1;
			preferredProjectObjectVersion = 77;
			productRefGroup = A12F46202E2BF80600E3D649 /* Products */;
			projectDirPath = "";
			projectRoot = "";
			targets = (
				A12F461E2E2BF80600E3D649 /* PolicySummary */,
				A12F462E2E2BF81000E3D649 /* PolicySummaryTests */,
				A12F46382E2BF81000E3D649 /* PolicySummaryUITests */,
			);
		};
/* End PBXProject section */

/* Begin PBXResourcesBuildPhase section */
		A12F461D2E2BF80600E3D649 /* Resources */ = {
			isa = PBXResourcesBuildPhase;
			buildActionMask = 2147483647;
			files = (
			);
			runOnlyForDeploymentPostprocessing = 0;
		};
		A12F462D2E2BF81000E3D649 /* Resources */ = {
			isa = PBXResourcesBuildPhase;
			buildActionMask = 2147483647;
			files = (
			);
			runOnlyForDeploymentPostprocessing = 0;
		};
		A12F46372E2BF81000E3D649 /* Resources */ = {
			isa = PBXResourcesBuildPhase;
			buildActionMask = 2147483647;
			files = (
			);
			runOnlyForDeploymentPostprocessing = 0;
		};
/* End PBXResourcesBuildPhase section */

/* Begin PBXSourcesBuildPhase section */
		A12F461B2E2BF80600E3D649 /* Sources */ = {
			isa = PBXSourcesBuildPhase;
			buildActionMask = 2147483647;
			files = (
			);
			runOnlyForDeploymentPostprocessing = 0;
		};
		A12F462B2E2BF81000E3D649 /* Sources */ = {
			isa = PBXSourcesBuildPhase;
			buildActionMask = 2147483647;
			files = (
			);
			runOnlyForDeploymentPostprocessing = 0;
		};
		A12F46352E2BF81000E3D649 /* Sources */ = {
			isa = PBXSourcesBuildPhase;
			buildActionMask = 2147483647;
			files = (
			);
			runOnlyForDeploymentPostprocessing = 0;
		};
/* End PBXSourcesBuildPhase section */

/* Begin PBXTargetDependency section */
		A12F46312E2BF81000E3D649 /* PBXTargetDependency */ = {
			isa = PBXTargetDependency;
			target = A12F461E2E2BF80600E3D649 /* PolicySummary */;
			targetProxy = A12F46302E2BF81000E3D649 /* PBXContainerItemProxy */;
		};
		A12F463B2E2BF81000E3D649 /* PBXTargetDependency */ = {
			isa = PBXTargetDependency;
			target = A12F461E2E2BF80600E3D649 /* PolicySummary */;
			targetProxy = A12F463A2E2BF81000E3D649 /* PBXContainerItemProxy */;
		};
/* End PBXTargetDependency section */

/* Begin XCBuildConfiguration section */
		A12F46412E2BF81000E3D649 /* Debug */ = {
			isa = XCBuildConfiguration;
			buildSettings = {
				ALWAYS_SEARCH_USER_PATHS = NO;
				ASSETCATALOG_COMPILER_GENERATE_SWIFT_ASSET_SYMBOL_EXTENSIONS = YES;
				CLANG_ANALYZER_NONNULL = YES;
				CLANG_ANALYZER_NUMBER_OBJECT_CONVERSION = YES_AGGRESSIVE;
				CLANG_CXX_LANGUAGE_STANDARD = "gnu++20";
				CLANG_ENABLE_MODULES = YES;
				CLANG_ENABLE_OBJC_ARC = YES;
				CLANG_ENABLE_OBJC_WEAK = YES;
				CLANG_WARN_BLOCK_CAPTURE_AUTORELEASING = YES;
				CLANG_WARN_BOOL_CONVERSION = YES;
				CLANG_WARN_COMMA = YES;
				CLANG_WARN_CONSTANT_CONVERSION = YES;
				CLANG_WARN_DEPRECATED_OBJC_IMPLEMENTATIONS = YES;
				CLANG_WARN_DIRECT_OBJC_ISA_USAGE = YES_ERROR;
				CLANG_WARN_DOCUMENTATION_COMMENTS = YES;
				CLANG_WARN_EMPTY_BODY = YES;
				CLANG_WARN_ENUM_CONVERSION = YES;
				CLANG_WARN_INFINITE_RECURSION = YES;
				CLANG_WARN_INT_CONVERSION = YES;
				CLANG_WARN_NON_LITERAL_NULL_CONVERSION = YES;
				CLANG_WARN_OBJC_IMPLICIT_RETAIN_SELF = YES;
				CLANG_WARN_OBJC_LITERAL_CONVERSION = YES;
				CLANG_WARN_OBJC_ROOT_CLASS = YES_ERROR;
				CLANG_WARN_QUOTED_INCLUDE_IN_FRAMEWORK_HEADER = YES;
				CLANG_WARN_RANGE_LOOP_ANALYSIS = YES;
				CLANG_WARN_STRICT_PROTOTYPES = YES;
				CLANG_WARN_SUSPICIOUS_MOVE = YES;
				CLANG_WARN_UNGUARDED_AVAILABILITY = YES_AGGRESSIVE;
				CLANG_WARN_UNREACHABLE_CODE = YES;
				CLANG_WARN__DUPLICATE_METHOD_MATCH = YES;
				COPY_PHASE_STRIP = NO;
				DEBUG_INFORMATION_FORMAT = dwarf;
				ENABLE_STRICT_OBJC_MSGSEND = YES;
				ENABLE_TESTABILITY = YES;
				ENABLE_USER_SCRIPT_SANDBOXING = YES;
				GCC_C_LANGUAGE_STANDARD = gnu17;
				GCC_DYNAMIC_NO_PIC = NO;
				GCC_NO_COMMON_BLOCKS = YES;
				GCC_OPTIMIZATION_LEVEL = 0;
				GCC_PREPROCESSOR_DEFINITIONS = (
					"DEBUG=1",
					"$(inherited)",
				);
				GCC_WARN_64_TO_32_BIT_CONVERSION = YES;
				GCC_WARN_ABOUT_RETURN_TYPE = YES_ERROR;
				GCC_WARN_UNDECLARED_SELECTOR = YES;
				GCC_WARN_UNINITIALIZED_AUTOS = YES_AGGRESSIVE;
				GCC_WARN_UNUSED_FUNCTION = YES;
				GCC_WARN_UNUSED_VARIABLE = YES;
				IPHONEOS_DEPLOYMENT_TARGET = 18.2;
				LOCALIZATION_PREFERS_STRING_CATALOGS = YES;
				MTL_ENABLE_DEBUG_INFO = INCLUDE_SOURCE;
				MTL_FAST_MATH = YES;
				ONLY_ACTIVE_ARCH = YES;
				SDKROOT = iphoneos;
				SWIFT_ACTIVE_COMPILATION_CONDITIONS = "DEBUG $(inherited)";
				SWIFT_OPTIMIZATION_LEVEL = "-Onone";
			};
			name = Debug;
		};
		A12F46422E2BF81000E3D649 /* Release */ = {
			isa = XCBuildConfiguration;
			buildSettings = {
				ALWAYS_SEARCH_USER_PATHS = NO;
				ASSETCATALOG_COMPILER_GENERATE_SWIFT_ASSET_SYMBOL_EXTENSIONS = YES;
				CLANG_ANALYZER_NONNULL = YES;
				CLANG_ANALYZER_NUMBER_OBJECT_CONVERSION = YES_AGGRESSIVE;
				CLANG_CXX_LANGUAGE_STANDARD = "gnu++20";
				CLANG_ENABLE_MODULES = YES;
				CLANG_ENABLE_OBJC_ARC = YES;
				CLANG_ENABLE_OBJC_WEAK = YES;
				CLANG_WARN_BLOCK_CAPTURE_AUTORELEASING = YES;
				CLANG_WARN_BOOL_CONVERSION = YES;
				CLANG_WARN_COMMA = YES;
				CLANG_WARN_CONSTANT_CONVERSION = YES;
				CLANG_WARN_DEPRECATED_OBJC_IMPLEMENTATIONS = YES;
				CLANG_WARN_DIRECT_OBJC_ISA_USAGE = YES_ERROR;
				CLANG_WARN_DOCUMENTATION_COMMENTS = YES;
				CLANG_WARN_EMPTY_BODY = YES;
				CLANG_WARN_ENUM_CONVERSION = YES;
				CLANG_WARN_INFINITE_RECURSION = YES;
				CLANG_WARN_INT_CONVERSION = YES;
				CLANG_WARN_NON_LITERAL_NULL_CONVERSION = YES;
				CLANG_WARN_OBJC_IMPLICIT_RETAIN_SELF = YES;
				CLANG_WARN_OBJC_LITERAL_CONVERSION = YES;
				CLANG_WARN_OBJC_ROOT_CLASS = YES_ERROR;
				CLANG_WARN_QUOTED_INCLUDE_IN_FRAMEWORK_HEADER = YES;
				CLANG_WARN_RANGE_LOOP_ANALYSIS = YES;
				CLANG_WARN_STRICT_PROTOTYPES = YES;
				CLANG_WARN_SUSPICIOUS_MOVE = YES;
				CLANG_WARN_UNGUARDED_AVAILABILITY = YES_AGGRESSIVE;
				CLANG_WARN_UNREACHABLE_CODE = YES;
				CLANG_WARN__DUPLICATE_METHOD_MATCH = YES;
				COPY_PHASE_STRIP = NO;
				DEBUG_INFORMATION_FORMAT = "dwarf-with-dsym";
				ENABLE_NS_ASSERTIONS = NO;
				ENABLE_STRICT_OBJC_MSGSEND = YES;
				ENABLE_USER_SCRIPT_SANDBOXING = YES;
				GCC_C_LANGUAGE_STANDARD = gnu17;
				GCC_NO_COMMON_BLOCKS = YES;
				GCC_WARN_64_TO_32_BIT_CONVERSION = YES;
				GCC_WARN_ABOUT_RETURN_TYPE = YES_ERROR;
				GCC_WARN_UNDECLARED_SELECTOR = YES;
				GCC_WARN_UNINITIALIZED_AUTOS = YES_AGGRESSIVE;
				GCC_WARN_UNUSED_FUNCTION = YES;
				GCC_WARN_UNUSED_VARIABLE = YES;
				IPHONEOS_DEPLOYMENT_TARGET = 18.2;
				LOCALIZATION_PREFERS_STRING_CATALOGS = YES;
				MTL_ENABLE_DEBUG_INFO = NO;
				MTL_FAST_MATH = YES;
				SDKROOT = iphoneos;
				SWIFT_COMPILATION_MODE = wholemodule;
				VALIDATE_PRODUCT = YES;
			};
			name = Release;
		};
		A12F46442E2BF81000E3D649 /* Debug */ = {
			isa = XCBuildConfiguration;
			buildSettings = {
				ASSETCATALOG_COMPILER_APPICON_NAME = AppIcon;
				ASSETCATALOG_COMPILER_GLOBAL_ACCENT_COLOR_NAME = AccentColor;
				CODE_SIGN_STYLE = Automatic;
				CURRENT_PROJECT_VERSION = 1;
				DEVELOPMENT_ASSET_PATHS = "\"PolicySummary/Preview Content\"";
				ENABLE_PREVIEWS = YES;
				GENERATE_INFOPLIST_FILE = YES;
				INFOPLIST_KEY_UIApplicationSceneManifest_Generation = YES;
				INFOPLIST_KEY_UIApplicationSupportsIndirectInputEvents = YES;
				INFOPLIST_KEY_UILaunchScreen_Generation = YES;
				INFOPLIST_KEY_UISupportedInterfaceOrientations_iPad = "UIInterfaceOrientationPortrait UIInterfaceOrientationPortraitUpsideDown UIInterfaceOrientationLandscapeLeft UIInterfaceOrientationLandscapeRight";
				INFOPLIST_KEY_UISupportedInterfaceOrientations_iPhone = "UIInterfaceOrientationPortrait UIInterfaceOrientationLandscapeLeft UIInterfaceOrientationLandscapeRight";
				LD_RUNPATH_SEARCH_PATHS = (
					"$(inherited)",
					"@executable_path/Frameworks",
				);
				MARKETING_VERSION = 1.0;
				PRODUCT_BUNDLE_IDENTIFIER = com.personal.PolicySummary;
				PRODUCT_NAME = "$(TARGET_NAME)";
				SWIFT_EMIT_LOC_STRINGS = YES;
				SWIFT_VERSION = 5.0;
				TARGETED_DEVICE_FAMILY = "1,2";
			};
			name = Debug;
		};
		A12F46452E2BF81000E3D649 /* Release */ = {
			isa = XCBuildConfiguration;
			buildSettings = {
				ASSETCATALOG_COMPILER_APPICON_NAME = AppIcon;
				ASSETCATALOG_COMPILER_GLOBAL_ACCENT_COLOR_NAME = AccentColor;
				CODE_SIGN_STYLE = Automatic;
				CURRENT_PROJECT_VERSION = 1;
				DEVELOPMENT_ASSET_PATHS = "\"PolicySummary/Preview Content\"";
				ENABLE_PREVIEWS = YES;
				GENERATE_INFOPLIST_FILE = YES;
				INFOPLIST_KEY_UIApplicationSceneManifest_Generation = YES;
				INFOPLIST_KEY_UIApplicationSupportsIndirectInputEvents = YES;
				INFOPLIST_KEY_UILaunchScreen_Generation = YES;
				INFOPLIST_KEY_UISupportedInterfaceOrientations_iPad = "UIInterfaceOrientationPortrait UIInterfaceOrientationPortraitUpsideDown UIInterfaceOrientationLandscapeLeft UIInterfaceOrientationLandscapeRight";
				INFOPLIST_KEY_UISupportedInterfaceOrientations_iPhone = "UIInterfaceOrientationPortrait UIInterfaceOrientationLandscapeLeft UIInterfaceOrientationLandscapeRight";
				LD_RUNPATH_SEARCH_PATHS = (
					"$(inherited)",
					"@executable_path/Frameworks",
				);
				MARKETING_VERSION = 1.0;
				PRODUCT_BUNDLE_IDENTIFIER = com.personal.PolicySummary;
				PRODUCT_NAME = "$(TARGET_NAME)";
				SWIFT_EMIT_LOC_STRINGS = YES;
				SWIFT_VERSION = 5.0;
				TARGETED_DEVICE_FAMILY = "1,2";
			};
			name = Release;
		};
		A12F46472E2BF81000E3D649 /* Debug */ = {
			isa = XCBuildConfiguration;
			buildSettings = {
				BUNDLE_LOADER = "$(TEST_HOST)";
				CODE_SIGN_STYLE = Automatic;
				CURRENT_PROJECT_VERSION = 1;
				GENERATE_INFOPLIST_FILE = YES;
				IPHONEOS_DEPLOYMENT_TARGET = 18.2;
				MARKETING_VERSION = 1.0;
				PRODUCT_BUNDLE_IDENTIFIER = com.personal.PolicySummaryTests;
				PRODUCT_NAME = "$(TARGET_NAME)";
				SWIFT_EMIT_LOC_STRINGS = NO;
				SWIFT_VERSION = 5.0;
				TARGETED_DEVICE_FAMILY = "1,2";
				TEST_HOST = "$(BUILT_PRODUCTS_DIR)/PolicySummary.app/$(BUNDLE_EXECUTABLE_FOLDER_PATH)/PolicySummary";
			};
			name = Debug;
		};
		A12F46482E2BF81000E3D649 /* Release */ = {
			isa = XCBuildConfiguration;
			buildSettings = {
				BUNDLE_LOADER = "$(TEST_HOST)";
				CODE_SIGN_STYLE = Automatic;
				CURRENT_PROJECT_VERSION = 1;
				GENERATE_INFOPLIST_FILE = YES;
				IPHONEOS_DEPLOYMENT_TARGET = 18.2;
				MARKETING_VERSION = 1.0;
				PRODUCT_BUNDLE_IDENTIFIER = com.personal.PolicySummaryTests;
				PRODUCT_NAME = "$(TARGET_NAME)";
				SWIFT_EMIT_LOC_STRINGS = NO;
				SWIFT_VERSION = 5.0;
				TARGETED_DEVICE_FAMILY = "1,2";
				TEST_HOST = "$(BUILT_PRODUCTS_DIR)/PolicySummary.app/$(BUNDLE_EXECUTABLE_FOLDER_PATH)/PolicySummary";
			};
			name = Release;
		};
		A12F464A2E2BF81000E3D649 /* Debug */ = {
			isa = XCBuildConfiguration;
			buildSettings = {
				CODE_SIGN_STYLE = Automatic;
				CURRENT_PROJECT_VERSION = 1;
				GENERATE_INFOPLIST_FILE = YES;
				MARKETING_VERSION = 1.0;
				PRODUCT_BUNDLE_IDENTIFIER = com.personal.PolicySummaryUITests;
				PRODUCT_NAME = "$(TARGET_NAME)";
				SWIFT_EMIT_LOC_STRINGS = NO;
				SWIFT_VERSION = 5.0;
				TARGETED_DEVICE_FAMILY = "1,2";
				TEST_TARGET_NAME = PolicySummary;
			};
			name = Debug;
		};
		A12F464B2E2BF81000E3D649 /* Release */ = {
			isa = XCBuildConfiguration;
			buildSettings = {
				CODE_SIGN_STYLE = Automatic;
				CURRENT_PROJECT_VERSION = 1;
				GENERATE_INFOPLIST_FILE = YES;
				MARKETING_VERSION = 1.0;
				PRODUCT_BUNDLE_IDENTIFIER = com.personal.PolicySummaryUITests;
				PRODUCT_NAME = "$(TARGET_NAME)";
				SWIFT_EMIT_LOC_STRINGS = NO;
				SWIFT_VERSION = 5.0;
				TARGETED_DEVICE_FAMILY = "1,2";
				TEST_TARGET_NAME = PolicySummary;
			};
			name = Release;
		};
/* End XCBuildConfiguration section */

/* Begin XCConfigurationList section */
		A12F461A2E2BF80600E3D649 /* Build configuration list for PBXProject "PolicySummary" */ = {
			isa = XCConfigurationList;
			buildConfigurations = (
				A12F46412E2BF81000E3D649 /* Debug */,
				A12F46422E2BF81000E3D649 /* Release */,
			);
			defaultConfigurationIsVisible = 0;
			defaultConfigurationName = Release;
		};
		A12F46432E2BF81000E3D649 /* Build configuration list for PBXNativeTarget "PolicySummary" */ = {
			isa = XCConfigurationList;
			buildConfigurations = (
				A12F46442E2BF81000E3D649 /* Debug */,
				A12F46452E2BF81000E3D649 /* Release */,
			);
			defaultConfigurationIsVisible = 0;
			defaultConfigurationName = Release;
		};
		A12F46462E2BF81000E3D649 /* Build configuration list for PBXNativeTarget "PolicySummaryTests" */ = {
			isa = XCConfigurationList;
			buildConfigurations = (
				A12F46472E2BF81000E3D649 /* Debug */,
				A12F46482E2BF81000E3D649 /* Release */,
			);
			defaultConfigurationIsVisible = 0;
			defaultConfigurationName = Release;
		};
		A12F46492E2BF81000E3D649 /* Build configuration list for PBXNativeTarget "PolicySummaryUITests" */ = {
			isa = XCConfigurationList;
			buildConfigurations = (
				A12F464A2E2BF81000E3D649 /* Debug */,
				A12F464B2E2BF81000E3D649 /* Release */,
			);
			defaultConfigurationIsVisible = 0;
			defaultConfigurationName = Release;
		};
/* End XCConfigurationList section */
	};
	rootObject = A12F46172E2BF80600E3D649 /* Project object */;
}
